// !$*UTF8*$!
{
	archiveVersion = 1;
	classes = {
	};
	objectVersion = 48;
	objects = {

/* Begin PBXBuildFile section */
		87168A971FB478FB00B60D57 /* AppDelegate.swift in Sources */ = {isa = PBXBuildFile; fileRef = 87168A961FB478FB00B60D57 /* AppDelegate.swift */; };
		87168A991FB478FB00B60D57 /* ViewController.swift in Sources */ = {isa = PBXBuildFile; fileRef = 87168A981FB478FB00B60D57 /* ViewController.swift */; };
		87168A9C1FB478FB00B60D57 /* Main.storyboard in Resources */ = {isa = PBXBuildFile; fileRef = 87168A9A1FB478FB00B60D57 /* Main.storyboard */; };
		87168A9F1FB478FB00B60D57 /* DummyCook.xcdatamodeld in Sources */ = {isa = PBXBuildFile; fileRef = 87168A9D1FB478FB00B60D57 /* DummyCook.xcdatamodeld */; };
		87168AA11FB478FB00B60D57 /* Assets.xcassets in Resources */ = {isa = PBXBuildFile; fileRef = 87168AA01FB478FB00B60D57 /* Assets.xcassets */; };
		87168AA41FB478FB00B60D57 /* LaunchScreen.storyboard in Resources */ = {isa = PBXBuildFile; fileRef = 87168AA21FB478FB00B60D57 /* LaunchScreen.storyboard */; };
		877BD88F1FB483D400C0A709 /* DataModel.swift in Sources */ = {isa = PBXBuildFile; fileRef = 877BD88E1FB483D400C0A709 /* DataModel.swift */; };
		877BD8911FB485AD00C0A709 /* DataCell.swift in Sources */ = {isa = PBXBuildFile; fileRef = 877BD8901FB485AD00C0A709 /* DataCell.swift */; };
		87C070811FB5D96E002E69AF /* DetailsViewController.swift in Sources */ = {isa = PBXBuildFile; fileRef = 87C070801FB5D96E002E69AF /* DetailsViewController.swift */; };
/* End PBXBuildFile section */

/* Begin PBXFileReference section */
		87168A931FB478FB00B60D57 /* DummyCook.app */ = {isa = PBXFileReference; explicitFileType = wrapper.application; includeInIndex = 0; path = DummyCook.app; sourceTree = BUILT_PRODUCTS_DIR; };
		87168A961FB478FB00B60D57 /* AppDelegate.swift */ = {isa = PBXFileReference; lastKnownFileType = sourcecode.swift; path = AppDelegate.swift; sourceTree = "<group>"; };
		87168A981FB478FB00B60D57 /* ViewController.swift */ = {isa = PBXFileReference; lastKnownFileType = sourcecode.swift; path = ViewController.swift; sourceTree = "<group>"; };
		87168A9B1FB478FB00B60D57 /* Base */ = {isa = PBXFileReference; lastKnownFileType = file.storyboard; name = Base; path = Base.lproj/Main.storyboard; sourceTree = "<group>"; };
		87168A9E1FB478FB00B60D57 /* DummyCook.xcdatamodel */ = {isa = PBXFileReference; lastKnownFileType = wrapper.xcdatamodel; path = DummyCook.xcdatamodel; sourceTree = "<group>"; };
		87168AA01FB478FB00B60D57 /* Assets.xcassets */ = {isa = PBXFileReference; lastKnownFileType = folder.assetcatalog; path = Assets.xcassets; sourceTree = "<group>"; };
		87168AA31FB478FB00B60D57 /* Base */ = {isa = PBXFileReference; lastKnownFileType = file.storyboard; name = Base; path = Base.lproj/LaunchScreen.storyboard; sourceTree = "<group>"; };
		87168AA51FB478FB00B60D57 /* Info.plist */ = {isa = PBXFileReference; lastKnownFileType = text.plist.xml; path = Info.plist; sourceTree = "<group>"; };
		877BD88E1FB483D400C0A709 /* DataModel.swift */ = {isa = PBXFileReference; lastKnownFileType = sourcecode.swift; path = DataModel.swift; sourceTree = "<group>"; };
		877BD8901FB485AD00C0A709 /* DataCell.swift */ = {isa = PBXFileReference; lastKnownFileType = sourcecode.swift; path = DataCell.swift; sourceTree = "<group>"; };
		87C070801FB5D96E002E69AF /* DetailsViewController.swift */ = {isa = PBXFileReference; lastKnownFileType = sourcecode.swift; path = DetailsViewController.swift; sourceTree = "<group>"; };
/* End PBXFileReference section */

/* Begin PBXFrameworksBuildPhase section */
		87168A901FB478FB00B60D57 /* Frameworks */ = {
			isa = PBXFrameworksBuildPhase;
			buildActionMask = 2147483647;
			files = (
			);
			runOnlyForDeploymentPostprocessing = 0;
		};
/* End PBXFrameworksBuildPhase section */

/* Begin PBXGroup section */
		87168A8A1FB478FB00B60D57 = {
			isa = PBXGroup;
			children = (
				87168A951FB478FB00B60D57 /* DummyCook */,
				87168A941FB478FB00B60D57 /* Products */,
			);
			sourceTree = "<group>";
		};
		87168A941FB478FB00B60D57 /* Products */ = {
			isa = PBXGroup;
			children = (
				87168A931FB478FB00B60D57 /* DummyCook.app */,
			);
			name = Products;
			sourceTree = "<group>";
		};
		87168A951FB478FB00B60D57 /* DummyCook */ = {
			isa = PBXGroup;
			children = (
				87168A961FB478FB00B60D57 /* AppDelegate.swift */,
				87168A981FB478FB00B60D57 /* ViewController.swift */,
				87168A9A1FB478FB00B60D57 /* Main.storyboard */,
				87C070801FB5D96E002E69AF /* DetailsViewController.swift */,
				877BD8901FB485AD00C0A709 /* DataCell.swift */,
				877BD88E1FB483D400C0A709 /* DataModel.swift */,
				87168AA01FB478FB00B60D57 /* Assets.xcassets */,
				87168AA21FB478FB00B60D57 /* LaunchScreen.storyboard */,
				87168AA51FB478FB00B60D57 /* Info.plist */,
				87168A9D1FB478FB00B60D57 /* DummyCook.xcdatamodeld */,
			);
			path = DummyCook;
			sourceTree = "<group>";
		};
/* End PBXGroup section */

/* Begin PBXNativeTarget section */
		87168A921FB478FB00B60D57 /* DummyCook */ = {
			isa = PBXNativeTarget;
			buildConfigurationList = 87168AA81FB478FB00B60D57 /* Build configuration list for PBXNativeTarget "DummyCook" */;
			buildPhases = (
				87168A8F1FB478FB00B60D57 /* Sources */,
				87168A901FB478FB00B60D57 /* Frameworks */,
				87168A911FB478FB00B60D57 /* Resources */,
			);
			buildRules = (
			);
			dependencies = (
			);
			name = DummyCook;
			productName = DummyCook;
			productReference = 87168A931FB478FB00B60D57 /* DummyCook.app */;
			productType = "com.apple.product-type.application";
		};
/* End PBXNativeTarget section */

/* Begin PBXProject section */
		87168A8B1FB478FB00B60D57 /* Project object */ = {
			isa = PBXProject;
			attributes = {
				LastSwiftUpdateCheck = 0900;
				LastUpgradeCheck = 0900;
				ORGANIZATIONNAME = "Aline Ebone";
				TargetAttributes = {
					87168A921FB478FB00B60D57 = {
						CreatedOnToolsVersion = 9.0;
						ProvisioningStyle = Automatic;
					};
				};
			};
			buildConfigurationList = 87168A8E1FB478FB00B60D57 /* Build configuration list for PBXProject "DummyCook" */;
			compatibilityVersion = "Xcode 8.0";
			developmentRegion = en;
			hasScannedForEncodings = 0;
			knownRegions = (
				en,
				Base,
			);
			mainGroup = 87168A8A1FB478FB00B60D57;
			productRefGroup = 87168A941FB478FB00B60D57 /* Products */;
			projectDirPath = "";
			projectRoot = "";
			targets = (
				87168A921FB478FB00B60D57 /* DummyCook */,
			);
		};
/* End PBXProject section */

/* Begin PBXResourcesBuildPhase section */
		87168A911FB478FB00B60D57 /* Resources */ = {
			isa = PBXResourcesBuildPhase;
			buildActionMask = 2147483647;
			files = (
				87168AA41FB478FB00B60D57 /* LaunchScreen.storyboard in Resources */,
				87168AA11FB478FB00B60D57 /* Assets.xcassets in Resources */,
				87168A9C1FB478FB00B60D57 /* Main.storyboard in Resources */,
			);
			runOnlyForDeploymentPostprocessing = 0;
		};
/* End PBXResourcesBuildPhase section */

/* Begin PBXSourcesBuildPhase section */
		87168A8F1FB478FB00B60D57 /* Sources */ = {
			isa = PBXSourcesBuildPhase;
			buildActionMask = 2147483647;
			files = (
				87168A991FB478FB00B60D57 /* ViewController.swift in Sources */,
				877BD88F1FB483D400C0A709 /* DataModel.swift in Sources */,
				87168A9F1FB478FB00B60D57 /* DummyCook.xcdatamodeld in Sources */,
				87C070811FB5D96E002E69AF /* DetailsViewController.swift in Sources */,
				877BD8911FB485AD00C0A709 /* DataCell.swift in Sources */,
				87168A971FB478FB00B60D57 /* AppDelegate.swift in Sources */,
			);
			runOnlyForDeploymentPostprocessing = 0;
		};
/* End PBXSourcesBuildPhase section */

/* Begin PBXVariantGroup section */
		87168A9A1FB478FB00B60D57 /* Main.storyboard */ = {
			isa = PBXVariantGroup;
			children = (
				87168A9B1FB478FB00B60D57 /* Base */,
			);
			name = Main.storyboard;
			sourceTree = "<group>";
		};
		87168AA21FB478FB00B60D57 /* LaunchScreen.storyboard */ = {
			isa = PBXVariantGroup;
			children = (
				87168AA31FB478FB00B60D57 /* Base */,
			);
			name = LaunchScreen.storyboard;
			sourceTree = "<group>";
		};
/* End PBXVariantGroup section */

/* Begin XCBuildConfiguration section */
		87168AA61FB478FB00B60D57 /* Debug */ = {
			isa = XCBuildConfiguration;
			buildSettings = {
				ALWAYS_SEARCH_USER_PATHS = NO;
				CLANG_ANALYZER_NONNULL = YES;
				CLANG_ANALYZER_NUMBER_OBJECT_CONVERSION = YES_AGGRESSIVE;
				CLANG_CXX_LANGUAGE_STANDARD = "gnu++14";
				CLANG_CXX_LIBRARY = "libc++";
				CLANG_ENABLE_MODULES = YES;
				CLANG_ENABLE_OBJC_ARC = YES;
				CLANG_WARN_BLOCK_CAPTURE_AUTORELEASING = YES;
				CLANG_WARN_BOOL_CONVERSION = YES;
				CLANG_WARN_COMMA = YES;
				CLANG_WARN_CONSTANT_CONVERSION = YES;
				CLANG_WARN_DIRECT_OBJC_ISA_USAGE = YES_ERROR;
				CLANG_WARN_DOCUMENTATION_COMMENTS = YES;
				CLANG_WARN_EMPTY_BODY = YES;
				CLANG_WARN_ENUM_CONVERSION = YES;
				CLANG_WARN_INFINITE_RECURSION = YES;
				CLANG_WARN_INT_CONVERSION = YES;
				CLANG_WARN_NON_LITERAL_NULL_CONVERSION = YES;
				CLANG_WARN_OBJC_LITERAL_CONVERSION = YES;
				CLANG_WARN_OBJC_ROOT_CLASS = YES_ERROR;
				CLANG_WARN_RANGE_LOOP_ANALYSIS = YES;
				CLANG_WARN_STRICT_PROTOTYPES = YES;
				CLANG_WARN_SUSPICIOUS_MOVE = YES;
				CLANG_WARN_UNGUARDED_AVAILABILITY = YES_AGGRESSIVE;
				CLANG_WARN_UNREACHABLE_CODE = YES;
				CLANG_WARN__DUPLICATE_METHOD_MATCH = YES;
				CODE_SIGN_IDENTITY = "iPhone Developer";
				COPY_PHASE_STRIP = NO;
				DEBUG_INFORMATION_FORMAT = dwarf;
				ENABLE_STRICT_OBJC_MSGSEND = YES;
				ENABLE_TESTABILITY = YES;
				GCC_C_LANGUAGE_STANDARD = gnu11;
				GCC_DYNAMIC_NO_PIC = NO;
				GCC_NO_COMMON_BLOCKS = YES;
				GCC_OPTIMIZATION_LEVEL = 0;
				GCC_PREPROCESSOR_DEFINITIONS = (
					"DEBUG=1",
					"$(inherited)",
				);
				GCC_WARN_64_TO_32_BIT_CONVERSION = YES;
				GCC_WARN_ABOUT_RETURN_TYPE = YES_ERROR;
				GCC_WARN_UNDECLARED_SELECTOR = YES;
				GCC_WARN_UNINITIALIZED_AUTOS = YES_AGGRESSIVE;
				GCC_WARN_UNUSED_FUNCTION = YES;
				GCC_WARN_UNUSED_VARIABLE = YES;
				IPHONEOS_DEPLOYMENT_TARGET = 11.0;
				MTL_ENABLE_DEBUG_INFO = YES;
				ONLY_ACTIVE_ARCH = YES;
				SDKROOT = iphoneos;
				SWIFT_ACTIVE_COMPILATION_CONDITIONS = DEBUG;
				SWIFT_OPTIMIZATION_LEVEL = "-Onone";
			};
			name = Debug;
		};
		87168AA71FB478FB00B60D57 /* Release */ = {
			isa = XCBuildConfiguration;
			buildSettings = {
				ALWAYS_SEARCH_USER_PATHS = NO;
				CLANG_ANALYZER_NONNULL = YES;
				CLANG_ANALYZER_NUMBER_OBJECT_CONVERSION = YES_AGGRESSIVE;
				CLANG_CXX_LANGUAGE_STANDARD = "gnu++14";
				CLANG_CXX_LIBRARY = "libc++";
				CLANG_ENABLE_MODULES = YES;
				CLANG_ENABLE_OBJC_ARC = YES;
				CLANG_WARN_BLOCK_CAPTURE_AUTORELEASING = YES;
				CLANG_WARN_BOOL_CONVERSION = YES;
				CLANG_WARN_COMMA = YES;
				CLANG_WARN_CONSTANT_CONVERSION = YES;
				CLANG_WARN_DIRECT_OBJC_ISA_USAGE = YES_ERROR;
				CLANG_WARN_DOCUMENTATION_COMMENTS = YES;
				CLANG_WARN_EMPTY_BODY = YES;
				CLANG_WARN_ENUM_CONVERSION = YES;
				CLANG_WARN_INFINITE_RECURSION = YES;
				CLANG_WARN_INT_CONVERSION = YES;
				CLANG_WARN_NON_LITERAL_NULL_CONVERSION = YES;
				CLANG_WARN_OBJC_LITERAL_CONVERSION = YES;
				CLANG_WARN_OBJC_ROOT_CLASS = YES_ERROR;
				CLANG_WARN_RANGE_LOOP_ANALYSIS = YES;
				CLANG_WARN_STRICT_PROTOTYPES = YES;
				CLANG_WARN_SUSPICIOUS_MOVE = YES;
				CLANG_WARN_UNGUARDED_AVAILABILITY = YES_AGGRESSIVE;
				CLANG_WARN_UNREACHABLE_CODE = YES;
				CLANG_WARN__DUPLICATE_METHOD_MATCH = YES;
				CODE_SIGN_IDENTITY = "iPhone Developer";
				COPY_PHASE_STRIP = NO;
				DEBUG_INFORMATION_FORMAT = "dwarf-with-dsym";
				ENABLE_NS_ASSERTIONS = NO;
				ENABLE_STRICT_OBJC_MSGSEND = YES;
				GCC_C_LANGUAGE_STANDARD = gnu11;
				GCC_NO_COMMON_BLOCKS = YES;
				GCC_WARN_64_TO_32_BIT_CONVERSION = YES;
				GCC_WARN_ABOUT_RETURN_TYPE = YES_ERROR;
				GCC_WARN_UNDECLARED_SELECTOR = YES;
				GCC_WARN_UNINITIALIZED_AUTOS = YES_AGGRESSIVE;
				GCC_WARN_UNUSED_FUNCTION = YES;
				GCC_WARN_UNUSED_VARIABLE = YES;
				IPHONEOS_DEPLOYMENT_TARGET = 11.0;
				MTL_ENABLE_DEBUG_INFO = NO;
				SDKROOT = iphoneos;
				SWIFT_OPTIMIZATION_LEVEL = "-Owholemodule";
				VALIDATE_PRODUCT = YES;
			};
			name = Release;
		};
		87168AA91FB478FB00B60D57 /* Debug */ = {
			isa = XCBuildConfiguration;
			buildSettings = {
				ASSETCATALOG_COMPILER_APPICON_NAME = AppIcon;
				CODE_SIGN_STYLE = Automatic;
				DEVELOPMENT_TEAM = SWBPT355Q9;
				INFOPLIST_FILE = DummyCook/Info.plist;
				LD_RUNPATH_SEARCH_PATHS = "$(inherited) @executable_path/Frameworks";
				PRODUCT_BUNDLE_IDENTIFIER = com.foundations.DummyCook;
				PRODUCT_NAME = "$(TARGET_NAME)";
				SWIFT_VERSION = 4.0;
				TARGETED_DEVICE_FAMILY = "1,2";
			};
			name = Debug;
		};
		87168AAA1FB478FB00B60D57 /* Release */ = {
			isa = XCBuildConfiguration;
			buildSettings = {
				ASSETCATALOG_COMPILER_APPICON_NAME = AppIcon;
				CODE_SIGN_STYLE = Automatic;
				DEVELOPMENT_TEAM = SWBPT355Q9;
				INFOPLIST_FILE = DummyCook/Info.plist;
				LD_RUNPATH_SEARCH_PATHS = "$(inherited) @executable_path/Frameworks";
				PRODUCT_BUNDLE_IDENTIFIER = com.foundations.DummyCook;
				PRODUCT_NAME = "$(TARGET_NAME)";
				SWIFT_VERSION = 4.0;
				TARGETED_DEVICE_FAMILY = "1,2";
			};
			name = Release;
		};
/* End XCBuildConfiguration section */

/* Begin XCConfigurationList section */
		87168A8E1FB478FB00B60D57 /* Build configuration list for PBXProject "DummyCook" */ = {
			isa = XCConfigurationList;
			buildConfigurations = (
				87168AA61FB478FB00B60D57 /* Debug */,
				87168AA71FB478FB00B60D57 /* Release */,
			);
			defaultConfigurationIsVisible = 0;
			defaultConfigurationName = Release;
		};
		87168AA81FB478FB00B60D57 /* Build configuration list for PBXNativeTarget "DummyCook" */ = {
			isa = XCConfigurationList;
			buildConfigurations = (
				87168AA91FB478FB00B60D57 /* Debug */,
				87168AAA1FB478FB00B60D57 /* Release */,
			);
			defaultConfigurationIsVisible = 0;
			defaultConfigurationName = Release;
		};
/* End XCConfigurationList section */

/* Begin XCVersionGroup section */
		87168A9D1FB478FB00B60D57 /* DummyCook.xcdatamodeld */ = {
			isa = XCVersionGroup;
			children = (
				87168A9E1FB478FB00B60D57 /* DummyCook.xcdatamodel */,
			);
			currentVersion = 87168A9E1FB478FB00B60D57 /* DummyCook.xcdatamodel */;
			path = DummyCook.xcdatamodeld;
			sourceTree = "<group>";
			versionGroupType = wrapper.xcdatamodel;
		};
/* End XCVersionGroup section */
	};
	rootObject = 87168A8B1FB478FB00B60D57 /* Project object */;
}
